
Microsoft Visual Studio Solution File, Format Version 12.00
# Visual Studio Version 17
VisualStudioVersion = 17.14.37111.16
MinimumVisualStudioVersion = 10.0.40219.1
Project("{2150E333-8FDC-42A3-9474-1A3956D46DE8}") = "Task0", "Task0", "{02EA681E-C7D8-13C7-8484-4AC65E1B71E8}"
EndProject
Project("{FAE04EC0-301F-11D3-BF4B-00C04F79EFBC}") = "Tyuiu.MautalievSI.Sprint3.Task0.V24", "Tyuiu.MautalievSI.Sprint3.Task0.V24\Tyuiu.MautalievSI.Sprint3.Task0.V24.csproj", "{A87A6A70-FE03-4B64-8ADF-93F74CF0713D}"
EndProject
Project("{FAE04EC0-301F-11D3-BF4B-00C04F79EFBC}") = "Tyuiu.MautalievSI.Sprint3.Task0.V24.Lib", "Tyuiu.MautalievSI.Sprint3.Task0.V24.Lib\Tyuiu.MautalievSI.Sprint3.Task0.V24.Lib.csproj", "{4BF0DC92-BF04-43B1-8B2A-DFB324809058}"
EndProject
Project("{FAE04EC0-301F-11D3-BF4B-00C04F79EFBC}") = "Tyuiu.MautalievSI.Sprint3.Task0.V24.Test", "Tyuiu.MautalievSI.Sprint3.Task0.V24.Test\Tyuiu.MautalievSI.Sprint3.Task0.V24.Test.csproj", "{48EED433-9A54-4E1D-8ADD-B2BE3BAA3B79}"
EndProject
Project("{2150E333-8FDC-42A3-9474-1A3956D46DE8}") = "for code", "for code", "{D528BE85-03E9-4D38-9366-CBB06F402207}"
EndProject
Project("{FAE04EC0-301F-11D3-BF4B-00C04F79EFBC}") = "ConsoleApp1", "ConsoleApp1\ConsoleApp1.csproj", "{B75E5837-6A83-4D8F-B8CA-076E101E0039}"
EndProject
Project("{2150E333-8FDC-42A3-9474-1A3956D46DE8}") = "Task1", "Task1", "{D18AF45F-EAC8-467E-B424-E05014239265}"
EndProject
Project("{FAE04EC0-301F-11D3-BF4B-00C04F79EFBC}") = "Tyuiu.MautalievSI.Sprint3.Task1.V20", "Tyuiu.MautalievSI.Sprint3.Task1.V20\Tyuiu.MautalievSI.Sprint3.Task1.V20.csproj", "{6F935FA1-6D79-4B6C-83CE-AE21C88286B2}"
EndProject
Project("{FAE04EC0-301F-11D3-BF4B-00C04F79EFBC}") = "Tyuiu.MautalievSI.Sprint3.Task1.V20.Lib", "Tyuiu.MautalievSI.Sprint3.Task1.V20.Lib\Tyuiu.MautalievSI.Sprint3.Task1.V20.Lib.csproj", "{7429F6AE-36E4-4220-B1CC-52C2B93FB538}"
EndProject
Project("{FAE04EC0-301F-11D3-BF4B-00C04F79EFBC}") = "Tyuiu.MautalievSI.Sprint3.Task1.V20.Test", "Tyuiu.MautalievSI.Sprint3.Task1.V20.Test\Tyuiu.MautalievSI.Sprint3.Task1.V20.Test.csproj", "{77EE1071-4BFC-48BE-B9A5-C34A1CB1BD48}"
EndProject
Project("{2150E333-8FDC-42A3-9474-1A3956D46DE8}") = "Task2", "Task2", "{16E24B6C-0732-4F77-A7C9-C9FADF938584}"
EndProject
Project("{FAE04EC0-301F-11D3-BF4B-00C04F79EFBC}") = "Tyuiu.MautalievSI.Sprint3.Task2.V19", "Tyuiu.MautalievSI.Sprint3.Task2.V19\Tyuiu.MautalievSI.Sprint3.Task2.V19.csproj", "{BA8EF248-6ACE-4E64-B688-55B369B20FA7}"
EndProject
Project("{FAE04EC0-301F-11D3-BF4B-00C04F79EFBC}") = "Tyuiu.MautalievSI.Sprint3.Task2.V19.Lib", "Tyuiu.MautalievSI.Sprint3.Task2.V19.Lib\Tyuiu.MautalievSI.Sprint3.Task2.V19.Lib.csproj", "{3ADADC46-873C-4422-B92C-37A8AD279DF5}"
EndProject
Project("{FAE04EC0-301F-11D3-BF4B-00C04F79EFBC}") = "Tyuiu.MautalievSI.Sprint3.Task2.V19.Test", "Tyuiu.MautalievSI.Sprint3.Task2.V19.Test\Tyuiu.MautalievSI.Sprint3.Task2.V19.Test.csproj", "{1B7D8DE5-C989-4C96-ABD0-B8E10172FF04}"
EndProject
Project("{2150E333-8FDC-42A3-9474-1A3956D46DE8}") = "Task3", "Task3", "{A621A6F5-7CFB-4562-B4E5-2B74D2CB60D0}"
EndProject
Project("{FAE04EC0-301F-11D3-BF4B-00C04F79EFBC}") = "Tyuiu.MautalievSI.Sprint3.Task3.V21", "Tyuiu.MautalievSI.Sprint3.Task3.V21\Tyuiu.MautalievSI.Sprint3.Task3.V21.csproj", "{A00E4896-7EBC-4FE1-BD7B-3C7516E46BC4}"
EndProject
Project("{FAE04EC0-301F-11D3-BF4B-00C04F79EFBC}") = "Tyuiu.MautalievSI.Sprint3.Task3.V21.Lib", "Tyuiu.MautalievSI.Sprint3.Task3.V21.Lib\Tyuiu.MautalievSI.Sprint3.Task3.V21.Lib.csproj", "{0A094B76-5EC5-4FB0-BA09-35B61D4187EE}"
EndProject
Project("{FAE04EC0-301F-11D3-BF4B-00C04F79EFBC}") = "Tyuiu.MautalievSI.Sprint3.Task3.V21.Test", "Tyuiu.MautalievSI.Sprint3.Task3.V21.Test\Tyuiu.MautalievSI.Sprint3.Task3.V21.Test.csproj", "{C2CFBBA9-EC1A-4285-96A0-CDCC2F77B77F}"
EndProject
Project("{2150E333-8FDC-42A3-9474-1A3956D46DE8}") = "Task4", "Task4", "{C896620D-5DA0-4766-AB4F-874707328FFF}"
EndProject
Project("{FAE04EC0-301F-11D3-BF4B-00C04F79EFBC}") = "Tyuiu.MautalievSI.Sprint3.Task4.V9", "Tyuiu.MautalievSI.Sprint3.Task4.V9\Tyuiu.MautalievSI.Sprint3.Task4.V9.csproj", "{24355DE8-3722-4AB5-9BE5-6E0614730350}"
EndProject
Project("{FAE04EC0-301F-11D3-BF4B-00C04F79EFBC}") = "Tyuiu.MautalievSI.Sprint3.Task4.V9.Test", "Tyuiu.MautalievSI.Sprint3.Task4.V9.Test\Tyuiu.MautalievSI.Sprint3.Task4.V9.Test.csproj", "{4EE792BA-64F2-4628-82A7-6D3CC6BA53E4}"
EndProject
Project("{FAE04EC0-301F-11D3-BF4B-00C04F79EFBC}") = "Tyuiu.MautalievSI.Sprint3.Task4.V9.Lib", "Tyuiu.MautalievSI.Sprint3.Task4.V9.Lib\Tyuiu.MautalievSI.Sprint3.Task4.V9.Lib.csproj", "{0F6D1BF6-0995-4BAD-AADD-4D449ED0BEB8}"
EndProject
Project("{2150E333-8FDC-42A3-9474-1A3956D46DE8}") = "Task5", "Task5", "{7AA03DFD-2128-446A-A232-6B75F27D5E29}"
EndProject
Project("{FAE04EC0-301F-11D3-BF4B-00C04F79EFBC}") = "Tyuiu.MautalievSI.Sprint3.Task5.V8", "Tyuiu.MautalievSI.Sprint3.Task5.V8\Tyuiu.MautalievSI.Sprint3.Task5.V8.csproj", "{55FCE28D-ED2B-4AF5-9B7C-99D9E767D8F3}"
EndProject
Project("{FAE04EC0-301F-11D3-BF4B-00C04F79EFBC}") = "Tyuiu.MautalievSI.Sprint3.Task5.V8.Lib", "Tyuiu.MautalievSI.Sprint3.Task5.V8.Lib\Tyuiu.MautalievSI.Sprint3.Task5.V8.Lib.csproj", "{8470F2E1-C747-4BBC-9E67-79116BF9ED74}"
EndProject
Project("{FAE04EC0-301F-11D3-BF4B-00C04F79EFBC}") = "Tyuiu.MautalievSI.Sprint3.Task5.V8.Test", "Tyuiu.MautalievSI.Sprint3.Task5.V8.Test\Tyuiu.MautalievSI.Sprint3.Task5.V8.Test.csproj", "{86CFD862-3D0B-4588-B5E3-5BB6B30D2F19}"
EndProject
Global
	GlobalSection(SolutionConfigurationPlatforms) = preSolution
		Debug|Any CPU = Debug|Any CPU
		Release|Any CPU = Release|Any CPU
	EndGlobalSection
	GlobalSection(ProjectConfigurationPlatforms) = postSolution
		{A87A6A70-FE03-4B64-8ADF-93F74CF0713D}.Debug|Any CPU.ActiveCfg = Debug|Any CPU
		{A87A6A70-FE03-4B64-8ADF-93F74CF0713D}.Debug|Any CPU.Build.0 = Debug|Any CPU
		{A87A6A70-FE03-4B64-8ADF-93F74CF0713D}.Release|Any CPU.ActiveCfg = Release|Any CPU
		{A87A6A70-FE03-4B64-8ADF-93F74CF0713D}.Release|Any CPU.Build.0 = Release|Any CPU
		{4BF0DC92-BF04-43B1-8B2A-DFB324809058}.Debug|Any CPU.ActiveCfg = Debug|Any CPU
		{4BF0DC92-BF04-43B1-8B2A-DFB324809058}.Debug|Any CPU.Build.0 = Debug|Any CPU
		{4BF0DC92-BF04-43B1-8B2A-DFB324809058}.Release|Any CPU.ActiveCfg = Release|Any CPU
		{4BF0DC92-BF04-43B1-8B2A-DFB324809058}.Release|Any CPU.Build.0 = Release|Any CPU
		{48EED433-9A54-4E1D-8ADD-B2BE3BAA3B79}.Debug|Any CPU.ActiveCfg = Debug|Any CPU
		{48EED433-9A54-4E1D-8ADD-B2BE3BAA3B79}.Debug|Any CPU.Build.0 = Debug|Any CPU
		{48EED433-9A54-4E1D-8ADD-B2BE3BAA3B79}.Release|Any CPU.ActiveCfg = Release|Any CPU
		{48EED433-9A54-4E1D-8ADD-B2BE3BAA3B79}.Release|Any CPU.Build.0 = Release|Any CPU
		{B75E5837-6A83-4D8F-B8CA-076E101E0039}.Debug|Any CPU.ActiveCfg = Debug|Any CPU
		{B75E5837-6A83-4D8F-B8CA-076E101E0039}.Debug|Any CPU.Build.0 = Debug|Any CPU
		{B75E5837-6A83-4D8F-B8CA-076E101E0039}.Release|Any CPU.ActiveCfg = Release|Any CPU
		{B75E5837-6A83-4D8F-B8CA-076E101E0039}.Release|Any CPU.Build.0 = Release|Any CPU
		{6F935FA1-6D79-4B6C-83CE-AE21C88286B2}.Debug|Any CPU.ActiveCfg = Debug|Any CPU
		{6F935FA1-6D79-4B6C-83CE-AE21C88286B2}.Debug|Any CPU.Build.0 = Debug|Any CPU
		{6F935FA1-6D79-4B6C-83CE-AE21C88286B2}.Release|Any CPU.ActiveCfg = Release|Any CPU
		{6F935FA1-6D79-4B6C-83CE-AE21C88286B2}.Release|Any CPU.Build.0 = Release|Any CPU
		{7429F6AE-36E4-4220-B1CC-52C2B93FB538}.Debug|Any CPU.ActiveCfg = Debug|Any CPU
		{7429F6AE-36E4-4220-B1CC-52C2B93FB538}.Debug|Any CPU.Build.0 = Debug|Any CPU
		{7429F6AE-36E4-4220-B1CC-52C2B93FB538}.Release|Any CPU.ActiveCfg = Release|Any CPU
		{7429F6AE-36E4-4220-B1CC-52C2B93FB538}.Release|Any CPU.Build.0 = Release|Any CPU
		{77EE1071-4BFC-48BE-B9A5-C34A1CB1BD48}.Debug|Any CPU.ActiveCfg = Debug|Any CPU
		{77EE1071-4BFC-48BE-B9A5-C34A1CB1BD48}.Debug|Any CPU.Build.0 = Debug|Any CPU
		{77EE1071-4BFC-48BE-B9A5-C34A1CB1BD48}.Release|Any CPU.ActiveCfg = Release|Any CPU
		{77EE1071-4BFC-48BE-B9A5-C34A1CB1BD48}.Release|Any CPU.Build.0 = Release|Any CPU
		{BA8EF248-6ACE-4E64-B688-55B369B20FA7}.Debug|Any CPU.ActiveCfg = Debug|Any CPU
		{BA8EF248-6ACE-4E64-B688-55B369B20FA7}.Debug|Any CPU.Build.0 = Debug|Any CPU
		{BA8EF248-6ACE-4E64-B688-55B369B20FA7}.Release|Any CPU.ActiveCfg = Release|Any CPU
		{BA8EF248-6ACE-4E64-B688-55B369B20FA7}.Release|Any CPU.Build.0 = Release|Any CPU
		{3ADADC46-873C-4422-B92C-37A8AD279DF5}.Debug|Any CPU.ActiveCfg = Debug|Any CPU
		{3ADADC46-873C-4422-B92C-37A8AD279DF5}.Debug|Any CPU.Build.0 = Debug|Any CPU
		{3ADADC46-873C-4422-B92C-37A8AD279DF5}.Release|Any CPU.ActiveCfg = Release|Any CPU
		{3ADADC46-873C-4422-B92C-37A8AD279DF5}.Release|Any CPU.Build.0 = Release|Any CPU
		{1B7D8DE5-C989-4C96-ABD0-B8E10172FF04}.Debug|Any CPU.ActiveCfg = Debug|Any CPU
		{1B7D8DE5-C989-4C96-ABD0-B8E10172FF04}.Debug|Any CPU.Build.0 = Debug|Any CPU
		{1B7D8DE5-C989-4C96-ABD0-B8E10172FF04}.Release|Any CPU.ActiveCfg = Release|Any CPU
		{1B7D8DE5-C989-4C96-ABD0-B8E10172FF04}.Release|Any CPU.Build.0 = Release|Any CPU
		{A00E4896-7EBC-4FE1-BD7B-3C7516E46BC4}.Debug|Any CPU.ActiveCfg = Debug|Any CPU
		{A00E4896-7EBC-4FE1-BD7B-3C7516E46BC4}.Debug|Any CPU.Build.0 = Debug|Any CPU
		{A00E4896-7EBC-4FE1-BD7B-3C7516E46BC4}.Release|Any CPU.ActiveCfg = Release|Any CPU
		{A00E4896-7EBC-4FE1-BD7B-3C7516E46BC4}.Release|Any CPU.Build.0 = Release|Any CPU
		{0A094B76-5EC5-4FB0-BA09-35B61D4187EE}.Debug|Any CPU.ActiveCfg = Debug|Any CPU
		{0A094B76-5EC5-4FB0-BA09-35B61D4187EE}.Debug|Any CPU.Build.0 = Debug|Any CPU
		{0A094B76-5EC5-4FB0-BA09-35B61D4187EE}.Release|Any CPU.ActiveCfg = Release|Any CPU
		{0A094B76-5EC5-4FB0-BA09-35B61D4187EE}.Release|Any CPU.Build.0 = Release|Any CPU
		{C2CFBBA9-EC1A-4285-96A0-CDCC2F77B77F}.Debug|Any CPU.ActiveCfg = Debug|Any CPU
		{C2CFBBA9-EC1A-4285-96A0-CDCC2F77B77F}.Debug|Any CPU.Build.0 = Debug|Any CPU
		{C2CFBBA9-EC1A-4285-96A0-CDCC2F77B77F}.Release|Any CPU.ActiveCfg = Release|Any CPU
		{C2CFBBA9-EC1A-4285-96A0-CDCC2F77B77F}.Release|Any CPU.Build.0 = Release|Any CPU
		{24355DE8-3722-4AB5-9BE5-6E0614730350}.Debug|Any CPU.ActiveCfg = Debug|Any CPU
		{24355DE8-3722-4AB5-9BE5-6E0614730350}.Debug|Any CPU.Build.0 = Debug|Any CPU
		{24355DE8-3722-4AB5-9BE5-6E0614730350}.Release|Any CPU.ActiveCfg = Release|Any CPU
		{24355DE8-3722-4AB5-9BE5-6E0614730350}.Release|Any CPU.Build.0 = Release|Any CPU
		{4EE792BA-64F2-4628-82A7-6D3CC6BA53E4}.Debug|Any CPU.ActiveCfg = Debug|Any CPU
		{4EE792BA-64F2-4628-82A7-6D3CC6BA53E4}.Debug|Any CPU.Build.0 = Debug|Any CPU
		{4EE792BA-64F2-4628-82A7-6D3CC6BA53E4}.Release|Any CPU.ActiveCfg = Release|Any CPU
		{4EE792BA-64F2-4628-82A7-6D3CC6BA53E4}.Release|Any CPU.Build.0 = Release|Any CPU
		{0F6D1BF6-0995-4BAD-AADD-4D449ED0BEB8}.Debug|Any CPU.ActiveCfg = Debug|Any CPU
		{0F6D1BF6-0995-4BAD-AADD-4D449ED0BEB8}.Debug|Any CPU.Build.0 = Debug|Any CPU
		{0F6D1BF6-0995-4BAD-AADD-4D449ED0BEB8}.Release|Any CPU.ActiveCfg = Release|Any CPU
		{0F6D1BF6-0995-4BAD-AADD-4D449ED0BEB8}.Release|Any CPU.Build.0 = Release|Any CPU
		{55FCE28D-ED2B-4AF5-9B7C-99D9E767D8F3}.Debug|Any CPU.ActiveCfg = Debug|Any CPU
		{55FCE28D-ED2B-4AF5-9B7C-99D9E767D8F3}.Debug|Any CPU.Build.0 = Debug|Any CPU
		{55FCE28D-ED2B-4AF5-9B7C-99D9E767D8F3}.Release|Any CPU.ActiveCfg = Release|Any CPU
		{55FCE28D-ED2B-4AF5-9B7C-99D9E767D8F3}.Release|Any CPU.Build.0 = Release|Any CPU
		{8470F2E1-C747-4BBC-9E67-79116BF9ED74}.Debug|Any CPU.ActiveCfg = Debug|Any CPU
		{8470F2E1-C747-4BBC-9E67-79116BF9ED74}.Debug|Any CPU.Build.0 = Debug|Any CPU
		{8470F2E1-C747-4BBC-9E67-79116BF9ED74}.Release|Any CPU.ActiveCfg = Release|Any CPU
		{8470F2E1-C747-4BBC-9E67-79116BF9ED74}.Release|Any CPU.Build.0 = Release|Any CPU
		{86CFD862-3D0B-4588-B5E3-5BB6B30D2F19}.Debug|Any CPU.ActiveCfg = Debug|Any CPU
		{86CFD862-3D0B-4588-B5E3-5BB6B30D2F19}.Debug|Any CPU.Build.0 = Debug|Any CPU
		{86CFD862-3D0B-4588-B5E3-5BB6B30D2F19}.Release|Any CPU.ActiveCfg = Release|Any CPU
		{86CFD862-3D0B-4588-B5E3-5BB6B30D2F19}.Release|Any CPU.Build.0 = Release|Any CPU
	EndGlobalSection
	GlobalSection(SolutionProperties) = preSolution
		HideSolutionNode = FALSE
	EndGlobalSection
	GlobalSection(NestedProjects) = preSolution
		{A87A6A70-FE03-4B64-8ADF-93F74CF0713D} = {02EA681E-C7D8-13C7-8484-4AC65E1B71E8}
		{4BF0DC92-BF04-43B1-8B2A-DFB324809058} = {02EA681E-C7D8-13C7-8484-4AC65E1B71E8}
		{48EED433-9A54-4E1D-8ADD-B2BE3BAA3B79} = {02EA681E-C7D8-13C7-8484-4AC65E1B71E8}
		{B75E5837-6A83-4D8F-B8CA-076E101E0039} = {D528BE85-03E9-4D38-9366-CBB06F402207}
		{6F935FA1-6D79-4B6C-83CE-AE21C88286B2} = {D18AF45F-EAC8-467E-B424-E05014239265}
		{7429F6AE-36E4-4220-B1CC-52C2B93FB538} = {D18AF45F-EAC8-467E-B424-E05014239265}
		{77EE1071-4BFC-48BE-B9A5-C34A1CB1BD48} = {D18AF45F-EAC8-467E-B424-E05014239265}
		{BA8EF248-6ACE-4E64-B688-55B369B20FA7} = {16E24B6C-0732-4F77-A7C9-C9FADF938584}
		{3ADADC46-873C-4422-B92C-37A8AD279DF5} = {16E24B6C-0732-4F77-A7C9-C9FADF938584}
		{1B7D8DE5-C989-4C96-ABD0-B8E10172FF04} = {16E24B6C-0732-4F77-A7C9-C9FADF938584}
		{A00E4896-7EBC-4FE1-BD7B-3C7516E46BC4} = {A621A6F5-7CFB-4562-B4E5-2B74D2CB60D0}
		{0A094B76-5EC5-4FB0-BA09-35B61D4187EE} = {A621A6F5-7CFB-4562-B4E5-2B74D2CB60D0}
		{C2CFBBA9-EC1A-4285-96A0-CDCC2F77B77F} = {A621A6F5-7CFB-4562-B4E5-2B74D2CB60D0}
		{24355DE8-3722-4AB5-9BE5-6E0614730350} = {C896620D-5DA0-4766-AB4F-874707328FFF}
		{4EE792BA-64F2-4628-82A7-6D3CC6BA53E4} = {C896620D-5DA0-4766-AB4F-874707328FFF}
		{0F6D1BF6-0995-4BAD-AADD-4D449ED0BEB8} = {C896620D-5DA0-4766-AB4F-874707328FFF}
		{55FCE28D-ED2B-4AF5-9B7C-99D9E767D8F3} = {7AA03DFD-2128-446A-A232-6B75F27D5E29}
		{8470F2E1-C747-4BBC-9E67-79116BF9ED74} = {7AA03DFD-2128-446A-A232-6B75F27D5E29}
		{86CFD862-3D0B-4588-B5E3-5BB6B30D2F19} = {7AA03DFD-2128-446A-A232-6B75F27D5E29}
	EndGlobalSection
	GlobalSection(ExtensibilityGlobals) = postSolution
		SolutionGuid = {CF107C41-84D9-437C-860F-C927B7BF4960}
	EndGlobalSection
EndGlobal
